
Microsoft Visual Studio Solution File, Format Version 12.00
# Visual Studio Version 17
VisualStudioVersion = 17.2.32616.157
MinimumVisualStudioVersion = 10.0.40219.1
Project("{FAE04EC0-301F-11D3-BF4B-00C04F79EFBC}") = "KARTRIGE", "KARTRIGE\KARTRIGE.csproj", "{86A31830-874D-4AF0-B032-C556B7A2B56D}"
EndProject
Global
	GlobalSection(SolutionConfigurationPlatforms) = preSolution
		Debug|Any CPU = Debug|Any CPU
		Release|Any CPU = Release|Any CPU
	EndGlobalSection
	GlobalSection(ProjectConfigurationPlatforms) = postSolution
		{86A31830-874D-4AF0-B032-C556B7A2B56D}.Debug|Any CPU.ActiveCfg = Debug|Any CPU
		{86A31830-874D-4AF0-B032-C556B7A2B56D}.Debug|Any CPU.Build.0 = Debug|Any CPU
		{86A31830-874D-4AF0-B032-C556B7A2B56D}.Release|Any CPU.ActiveCfg = Release|Any CPU
		{86A31830-874D-4AF0-B032-C556B7A2B56D}.Release|Any CPU.Build.0 = Release|Any CPU
	EndGlobalSection
	GlobalSection(SolutionProperties) = preSolution
		HideSolutionNode = FALSE
	EndGlobalSection
	GlobalSection(ExtensibilityGlobals) = postSolution
		SolutionGuid = {80C74EDA-C4A1-40BA-982D-A67DAB1D45E0}
	EndGlobalSection
EndGlobal
